
Microsoft Visual Studio Solution File, Format Version 12.00
# Visual Studio 14
VisualStudioVersion = 14.0.25420.1
MinimumVisualStudioVersion = 10.0.40219.1
Project("{8BC9CEB8-8B4A-11D0-8D11-00A0C91BC942}") = "Sketch", "Sketch\Sketch.vcxproj", "{4B41480E-CC3E-4FB9-BA62-06811494E94F}"
EndProject
Project("{8BC9CEB8-8B4A-11D0-8D11-00A0C91BC942}") = "Temp", "Temp\Temp.vcxproj", "{3B92EED4-E6BD-4A30-B592-D7EFC5F4BC13}"
EndProject
Project("{8BC9CEB8-8B4A-11D0-8D11-00A0C91BC942}") = "Temp_2", "Temp_2\Temp_2.vcxproj", "{627B9FC1-08A2-4A70-BF60-873BE1A8D2EF}"
EndProject
Global
	GlobalSection(SolutionConfigurationPlatforms) = preSolution
		Debug|x64 = Debug|x64
		Debug|x86 = Debug|x86
		Release|x64 = Release|x64
		Release|x86 = Release|x86
	EndGlobalSection
	GlobalSection(ProjectConfigurationPlatforms) = postSolution
		{4B41480E-CC3E-4FB9-BA62-06811494E94F}.Debug|x64.ActiveCfg = Debug|x64
		{4B41480E-CC3E-4FB9-BA62-06811494E94F}.Debug|x64.Build.0 = Debug|x64
		{4B41480E-CC3E-4FB9-BA62-06811494E94F}.Debug|x86.ActiveCfg = Debug|Win32
		{4B41480E-CC3E-4FB9-BA62-06811494E94F}.Debug|x86.Build.0 = Debug|Win32
		{4B41480E-CC3E-4FB9-BA62-06811494E94F}.Release|x64.ActiveCfg = Release|x64
		{4B41480E-CC3E-4FB9-BA62-06811494E94F}.Release|x64.Build.0 = Release|x64
		{4B41480E-CC3E-4FB9-BA62-06811494E94F}.Release|x86.ActiveCfg = Release|Win32
		{4B41480E-CC3E-4FB9-BA62-06811494E94F}.Release|x86.Build.0 = Release|Win32
		{3B92EED4-E6BD-4A30-B592-D7EFC5F4BC13}.Debug|x64.ActiveCfg = Debug|x64
		{3B92EED4-E6BD-4A30-B592-D7EFC5F4BC13}.Debug|x64.Build.0 = Debug|x64
		{3B92EED4-E6BD-4A30-B592-D7EFC5F4BC13}.Debug|x86.ActiveCfg = Debug|Win32
		{3B92EED4-E6BD-4A30-B592-D7EFC5F4BC13}.Debug|x86.Build.0 = Debug|Win32
		{3B92EED4-E6BD-4A30-B592-D7EFC5F4BC13}.Release|x64.ActiveCfg = Release|x64
		{3B92EED4-E6BD-4A30-B592-D7EFC5F4BC13}.Release|x64.Build.0 = Release|x64
		{3B92EED4-E6BD-4A30-B592-D7EFC5F4BC13}.Release|x86.ActiveCfg = Release|Win32
		{3B92EED4-E6BD-4A30-B592-D7EFC5F4BC13}.Release|x86.Build.0 = Release|Win32
		{627B9FC1-08A2-4A70-BF60-873BE1A8D2EF}.Debug|x64.ActiveCfg = Debug|x64
		{627B9FC1-08A2-4A70-BF60-873BE1A8D2EF}.Debug|x64.Build.0 = Debug|x64
		{627B9FC1-08A2-4A70-BF60-873BE1A8D2EF}.Debug|x86.ActiveCfg = Debug|Win32
		{627B9FC1-08A2-4A70-BF60-873BE1A8D2EF}.Debug|x86.Build.0 = Debug|Win32
		{627B9FC1-08A2-4A70-BF60-873BE1A8D2EF}.Release|x64.ActiveCfg = Release|x64
		{627B9FC1-08A2-4A70-BF60-873BE1A8D2EF}.Release|x64.Build.0 = Release|x64
		{627B9FC1-08A2-4A70-BF60-873BE1A8D2EF}.Release|x86.ActiveCfg = Release|Win32
		{627B9FC1-08A2-4A70-BF60-873BE1A8D2EF}.Release|x86.Build.0 = Release|Win32
	EndGlobalSection
	GlobalSection(SolutionProperties) = preSolution
		HideSolutionNode = FALSE
	EndGlobalSection
EndGlobal
